
Microsoft Visual Studio Solution File, Format Version 12.00
# Visual Studio 15
VisualStudioVersion = 15.0.28307.1500
MinimumVisualStudioVersion = 10.0.40219.1
Project("{FAE04EC0-301F-11D3-BF4B-00C04F79EFBC}") = "Prime_or_not", "Prime_or_not\Prime_or_not.csproj", "{008788FE-9909-4202-B166-C5E77F8808BF}"
EndProject
Global
	GlobalSection(SolutionConfigurationPlatforms) = preSolution
		Debug|Any CPU = Debug|Any CPU
		Release|Any CPU = Release|Any CPU
	EndGlobalSection
	GlobalSection(ProjectConfigurationPlatforms) = postSolution
		{008788FE-9909-4202-B166-C5E77F8808BF}.Debug|Any CPU.ActiveCfg = Debug|Any CPU
		{008788FE-9909-4202-B166-C5E77F8808BF}.Debug|Any CPU.Build.0 = Debug|Any CPU
		{008788FE-9909-4202-B166-C5E77F8808BF}.Release|Any CPU.ActiveCfg = Release|Any CPU
		{008788FE-9909-4202-B166-C5E77F8808BF}.Release|Any CPU.Build.0 = Release|Any CPU
	EndGlobalSection
	GlobalSection(SolutionProperties) = preSolution
		HideSolutionNode = FALSE
	EndGlobalSection
	GlobalSection(ExtensibilityGlobals) = postSolution
		SolutionGuid = {6DD95015-7E55-4977-9576-E0FBB8877069}
	EndGlobalSection
EndGlobal
